{
  "version": 1,
  "dependencies": {
    "net10.0": {
      "Avalonia": {
        "type": "Direct",
        "requested": "[12.0.2, )",
        "resolved": "12.0.2",
        "contentHash": "852xwfNNAUWE+aKWFackMALAKofcpKnM2g4PN8VKfxG1SO8Stlih7d6QFCbjQl46vuR9WBw/ZVGwn4Ovbj/oxQ==",
        "dependencies": {
          "Avalonia.BuildServices": "11.3.2",
          "Avalonia.Remote.Protocol": "12.0.2",
          "MicroCom.Runtime": "0.11.4"
        }
      },
      "Avalonia.Desktop": {
        "type": "Direct",
        "requested": "[12.0.2, )",
        "resolved": "12.0.2",
        "contentHash": "7Hs7AsEoLh4UHNZnwaAZ5d4db2X0BjdLePuev526tm2ZJIOZGLUxKHvY1GcrWIDO9NBw4Iu3WXBUvsFPZ6vXlQ==",
        "dependencies": {
          "Avalonia": "12.0.2",
          "Avalonia.HarfBuzz": "12.0.2",
          "Avalonia.Native": "12.0.2",
          "Avalonia.Skia": "12.0.2",
          "Avalonia.Win32": "12.0.2",
          "Avalonia.X11": "12.0.2"
        }
      },
      "Avalonia.Themes.Fluent": {
        "type": "Direct",
        "requested": "[12.0.2, )",
        "resolved": "12.0.2",
        "contentHash": "uEDLnrS7flCulIjWHnW6eiPiUqjxxAOh76suASMpQ0pJ+kntTEua5R1VcIulwZff79ArMqTVPejf7u0cxlVI2A==",
        "dependencies": {
          "Avalonia": "12.0.2"
        }
      },
      "AvaloniaUI.DiagnosticsSupport": {
        "type": "Direct",
        "requested": "[2.2.1, )",
        "resolved": "2.2.1",
        "contentHash": "PXviRj+8t6IT7JdnVhs1EET+VgGB/K1Ju3yL/Q9sXR2YD9NzkIYybyfJG3DPXcTYXpEJZJvxGiCTjH1N8AkLhQ==",
        "dependencies": {
          "Microsoft.Extensions.Logging.Abstractions": "8.0.0",
          "Microsoft.IO.RecyclableMemoryStream": "3.0.1"
        }
      },
      "Markdown.Avalonia": {
        "type": "Direct",
        "requested": "[12.0.0-a3, )",
        "resolved": "12.0.0-a3",
        "contentHash": "WxJ09NVwZhVGyOwxIjoCngAPxK3D03qp6Q0s22tJsuFBqeA/J5P/nMtq2u6qCSYrQapjvWhre44IZ20euMJ0lA==",
        "dependencies": {
          "Markdown.Avalonia.Html": "12.0.0-a3",
          "Markdown.Avalonia.Svg": "12.0.0-a3",
          "Markdown.Avalonia.SyntaxHigh": "12.0.0-a3",
          "Markdown.Avalonia.Tight": "12.0.0-a3"
        }
      },
      "Microsoft.DotNet.ILCompiler": {
        "type": "Direct",
        "requested": "[10.0.7, )",
        "resolved": "10.0.7",
        "contentHash": "2H7j1NltkQx04sPWBkUtFrZNBtro7vwsxRtdThP0oDj6Sn3ouGHCQlxATZ4Me2aJE67+KiXMX2V1IHDjt1uIpw=="
      },
      "Microsoft.NET.ILLink.Tasks": {
        "type": "Direct",
        "requested": "[10.0.7, )",
        "resolved": "10.0.7",
        "contentHash": "AA/yhzFHNtQZXLdqjzujPy25G8EWwGWsAnxOE2zYSBoT/8QHP6ketN3CToD3DFreO653ipUwnKHo22B8AlBMCw=="
      },
      "ReactiveMarbles.ObservableEvents.SourceGenerator": {
        "type": "Direct",
        "requested": "[1.3.1, )",
        "resolved": "1.3.1",
        "contentHash": "Yog8Af0hYb0jLMMNupkTS1Cjf/oLT637zDysQwlVbJoZJ8QgKWr6NV7dyoqZ8sQtWPOS6R4JQ+dXd3YqUjesxw=="
      },
      "ReactiveUI": {
        "type": "Direct",
        "requested": "[23.2.19, )",
        "resolved": "23.2.19",
        "contentHash": "8idTOHH/zc+SSNJhDIkLp84av5HNTk5XIJ/vy8frJP0uEJIBcvArHTwz1MWlWkiguGSjYy3W58D0bT3dTuFtHQ==",
        "dependencies": {
          "DynamicData": "9.4.31",
          "Splat": "19.3.1",
          "System.Reactive": "6.1.0"
        }
      },
      "ReactiveUI.Avalonia": {
        "type": "Direct",
        "requested": "[12.0.1, )",
        "resolved": "12.0.1",
        "contentHash": "/xk7V8FEsphMHVz992l9Q/KxRmA4iBOny8C3Swd+iUWSiVZuwsFagYzd9bLF6lC3d6Qn8DQXz2QSdVCzlb322A==",
        "dependencies": {
          "Avalonia": "12.0.1",
          "ReactiveUI": "23.2.1",
          "Splat": "19.3.1"
        }
      },
      "ReactiveUI.SourceGenerators": {
        "type": "Direct",
        "requested": "[2.6.30, )",
        "resolved": "2.6.30",
        "contentHash": "Y9YtEMxjZxndLYVmgY2EnIlSUf9m72ljXYcs7q+RmSfFKTxwwaObBWrU3YmCW7buKyx7Ygq7XwR8/WPLRvZjvA==",
        "dependencies": {
          "ReactiveUI.SourceGenerators.Analyzers.CodeFixes": "2.6.30"
        }
      },
      "Serilog": {
        "type": "Direct",
        "requested": "[4.3.1, )",
        "resolved": "4.3.1",
        "contentHash": "savYe7h5yRlkqBVOwP8cIRDOdqKiPmYCU4W87JH38sBmcKD5EBoXvQIw6bNEvZ/pTe1gsiye3VFCzBsoppGkXQ=="
      },
      "Serilog.Enrichers.Thread": {
        "type": "Direct",
        "requested": "[4.0.0, )",
        "resolved": "4.0.0",
        "contentHash": "C7BK25a1rhUyr+Tp+1BYcVlBJq7M2VCHlIgnwoIUVJcicM9jYcvQK18+OeHiXw7uLPSjqWxJIp1EfaZ/RGmEwA==",
        "dependencies": {
          "Serilog": "4.0.0"
        }
      },
      "Serilog.Sinks.Async": {
        "type": "Direct",
        "requested": "[2.1.0, )",
        "resolved": "2.1.0",
        "contentHash": "SnmRknWsSMgyo9wDXeZZCqSp48kkQYy44taSM6vcpxfiRICzSf09oLKEmVr0RCwQnfd8mJQ2WNN6nvhqf0RowQ==",
        "dependencies": {
          "Serilog": "4.1.0"
        }
      },
      "Serilog.Sinks.Console": {
        "type": "Direct",
        "requested": "[6.1.1, )",
        "resolved": "6.1.1",
        "contentHash": "8jbqgjUyZlfCuSTaJk6lOca465OndqOz3KZP6Cryt/IqZYybyBu7GP0fE/AXBzrrQB3EBmQntBFAvMVz1COvAA==",
        "dependencies": {
          "Serilog": "4.0.0"
        }
      },
      "Serilog.Sinks.File": {
        "type": "Direct",
        "requested": "[7.0.0, )",
        "resolved": "7.0.0",
        "contentHash": "fKL7mXv7qaiNBUC71ssvn/dU0k9t0o45+qm2XgKAlSt19xF+ijjxyA3R6HmCgfKEKwfcfkwWjayuQtRueZFkYw==",
        "dependencies": {
          "Serilog": "4.2.0"
        }
      },
      "Splat": {
        "type": "Direct",
        "requested": "[19.3.1, )",
        "resolved": "19.3.1",
        "contentHash": "at6uM1+KfkjyjfYRIiiUjTBUTEwxBysoLOE4zuxGCy6kqNAG9mpSGliTkZtsPe8WqJuU6+Jup7oOoNdjz5R8FQ==",
        "dependencies": {
          "Splat.Builder": "19.3.1",
          "Splat.Logging": "19.3.1",
          "System.Reactive": "6.1.0"
        }
      },
      "Splat.DependencyInjection.SourceGenerator": {
        "type": "Direct",
        "requested": "[2.2.2, )",
        "resolved": "2.2.2",
        "contentHash": "biz2/+u27u2xM7rHXo8Zt/U6NvE/A3pSuPetV9n6hVb19lj9GspEPt6dizNBIrvm/R6asTuFsGXZGUIEY+vfWg=="
      },
      "Splat.Serilog": {
        "type": "Direct",
        "requested": "[19.3.1, )",
        "resolved": "19.3.1",
        "contentHash": "qYNjcyNxhxnWq5GZ6fZU6u5jru1sryZaXBtpLEMLDkm5uN6bBAecYtCwYnoJ+tZYZLynv05zdI9iifZ4k9ePjQ==",
        "dependencies": {
          "Serilog": "4.3.1",
          "Splat.Logging": "19.3.1",
          "System.Reactive": "6.1.0"
        }
      },
      "Svg.Controls.Avalonia": {
        "type": "Direct",
        "requested": "[12.0.0.6, )",
        "resolved": "12.0.0.6",
        "contentHash": "Dx5Ujg2Lf/FiPAgNzZDf8V42G73VkyHJRrUei3DK0Sln/Tabmu60J1k4yV3vlhXfUktKvfRDUq6hiCQ2zfaTdA==",
        "dependencies": {
          "Avalonia": "12.0.0",
          "Svg.Model": "4.6.0",
          "Svg.SceneGraph": "4.6.0"
        }
      },
      "Avalonia.Angle.Windows.Natives": {
        "type": "Transitive",
        "resolved": "2.1.25547.20250602",
        "contentHash": "ZL0VLc4s9rvNNFt19Pxm5UNAkmKNylugAwJPX9ulXZ6JWs/l6XZihPWWTyezaoNOVyEPU8YbURtW7XMAtqXH5A=="
      },
      "Avalonia.AvaloniaEdit": {
        "type": "Transitive",
        "resolved": "12.0.0",
        "contentHash": "VNfaYdTbiQ2DlSkSMoLg4DhTbQmQR0cFT6nqEqLkaYGLjBWmUdv5BNIuoObK4c9cgzFqnEJXBaOp4R/bxgFKfQ==",
        "dependencies": {
          "Avalonia": "12.0.0"
        }
      },
      "Avalonia.BuildServices": {
        "type": "Transitive",
        "resolved": "11.3.2",
        "contentHash": "qHDToxto1e3hci5YqbG9n0Ty8mlp3zBUN5wT66wKqaDVzXyQ0do3EnRILd4Ke9jpvsktaPpgE0YjEk7hornryQ=="
      },
      "Avalonia.FreeDesktop": {
        "type": "Transitive",
        "resolved": "12.0.2",
        "contentHash": "KHionmetHeH7g4M653eNPD+GKFHTpX0xd6daBt+Gj03Y9ztEjD4B/P34bCrG81f+KK8evcx3ZygAC79O4M05GQ==",
        "dependencies": {
          "Avalonia": "12.0.2",
          "Tmds.DBus.Protocol": "0.92.0"
        }
      },
      "Avalonia.FreeDesktop.AtSpi": {
        "type": "Transitive",
        "resolved": "12.0.2",
        "contentHash": "tuo8ry4mFhns6p31RHvCTineppfc8cI0i6J8ifEnmQ5FSHVATTna1tBjyi26ri8qPEX6nmcVgifKTewfpZEMmw==",
        "dependencies": {
          "Avalonia": "12.0.2"
        }
      },
      "Avalonia.HarfBuzz": {
        "type": "Transitive",
        "resolved": "12.0.2",
        "contentHash": "HGqFe/HmWHQGvwtji7827/RDtEgQxvm3zdnCFl/P6XAwnqek8MoJpnISRTid76XzTBDtNlVqp7qjOujSIE0QCw==",
        "dependencies": {
          "Avalonia": "12.0.2",
          "HarfBuzzSharp": "8.3.1.3",
          "HarfBuzzSharp.NativeAssets.Linux": "8.3.1.3",
          "HarfBuzzSharp.NativeAssets.WebAssembly": "8.3.1.3"
        }
      },
      "Avalonia.Native": {
        "type": "Transitive",
        "resolved": "12.0.2",
        "contentHash": "ar8S5eXQY8ttZ3YG5dbtinbC2ltybJU89iwgkpAlLKkV3V7u+4ZXX13o6ilplVyd1lVVSfXgOMvfSMnKQm02Bg==",
        "dependencies": {
          "Avalonia": "12.0.2"
        }
      },
      "Avalonia.Remote.Protocol": {
        "type": "Transitive",
        "resolved": "12.0.2",
        "contentHash": "mlKTvn0cAEQVkRMJunLzDNugZRbtZIksT5yu+XgcAlOvqTHGyZY+mGP+4/+1IwakZx9nrz6SGwI5yrzNT5g0TQ=="
      },
      "Avalonia.Skia": {
        "type": "Transitive",
        "resolved": "12.0.2",
        "contentHash": "rtnB7M3VymQY4ErpPMot37bNoZ67mTk4tCb1mJjQCnTkCYgTx/o0yDvPPBFgLZAmcmHp00BxT5w12GkXTQjDMQ==",
        "dependencies": {
          "Avalonia": "12.0.2",
          "HarfBuzzSharp": "8.3.1.3",
          "HarfBuzzSharp.NativeAssets.Linux": "8.3.1.3",
          "HarfBuzzSharp.NativeAssets.WebAssembly": "8.3.1.3",
          "SkiaSharp": "3.119.4-preview.1.1",
          "SkiaSharp.NativeAssets.Linux": "3.119.4-preview.1.1",
          "SkiaSharp.NativeAssets.WebAssembly": "3.119.4-preview.1.1"
        }
      },
      "Avalonia.Win32": {
        "type": "Transitive",
        "resolved": "12.0.2",
        "contentHash": "gVUm4hyUvrFlocL0ycPZGAiN2TQhTv7vTa1I2nRkq/G/h6b5hKNoURjGfnZnXuPK3OnRENGPJjvZ+A9+0d5Jsg==",
        "dependencies": {
          "Avalonia": "12.0.2",
          "Avalonia.Angle.Windows.Natives": "2.1.25547.20250602"
        }
      },
      "Avalonia.X11": {
        "type": "Transitive",
        "resolved": "12.0.2",
        "contentHash": "FXFYfqjYYUAWqtgxEQl1cUWsH61GwTUojbRWURfmPAGcYYbm+2djrSOki5ppzAKKcm5lOmjoafYaeti39bSGQA==",
        "dependencies": {
          "Avalonia": "12.0.2",
          "Avalonia.FreeDesktop": "12.0.2",
          "Avalonia.FreeDesktop.AtSpi": "12.0.2",
          "Avalonia.Skia": "12.0.2"
        }
      },
      "ColorDocument.Avalonia": {
        "type": "Transitive",
        "resolved": "12.0.0-a3",
        "contentHash": "2MwW34IORon/fsqIJ99CDKMQ4Ht4xgbAQP93GGKAtXbTWevzmxbtr83IJ7tfRFmkxN3KCcYNhsKJ3JY+oD8KHA==",
        "dependencies": {
          "Avalonia": "12.0.0",
          "ColorTextBlock.Avalonia": "12.0.0-a3"
        }
      },
      "ColorTextBlock.Avalonia": {
        "type": "Transitive",
        "resolved": "12.0.0-a3",
        "contentHash": "atiMWViOXGG4bYBYxR+azVAM5XA53/exUpa3GHBL0Ktu+swS8I2ljmg6uLAqSINyq3KXrDpr2qL8hj0D+5bfPA==",
        "dependencies": {
          "Avalonia": "12.0.0"
        }
      },
      "DynamicData": {
        "type": "Transitive",
        "resolved": "9.4.31",
        "contentHash": "w2bT92Z5ADtnmtKiC9mzk21h7MtXtZEQKWFyytuHqhPBo7rKPWnvFk/xy1M/VA6XQTbCjRWMNV795w+RizFn4g==",
        "dependencies": {
          "System.Reactive": "6.1.0"
        }
      },
      "ExCSS": {
        "type": "Transitive",
        "resolved": "4.3.1",
        "contentHash": "A8UtcghHQlWxPJhJF5bsfEYO7068JHGTuJ7tzyyMjd5fE/N/xY1cVOUhzuLLFwMOCJVnM4mqSQc93W9fGfZ1kA=="
      },
      "HarfBuzzSharp": {
        "type": "Transitive",
        "resolved": "8.3.1.3",
        "contentHash": "NGZ2+ZVNPM+NdHB/asW0/ykWngyHWwcqjrbN2nDeH1B/aptPGlCUl8wkQ2cSJxw5fdWgdmIPmNuTPWpLwNVXWg==",
        "dependencies": {
          "HarfBuzzSharp.NativeAssets.Win32": "8.3.1.3",
          "HarfBuzzSharp.NativeAssets.macOS": "8.3.1.3"
        }
      },
      "HarfBuzzSharp.NativeAssets.Linux": {
        "type": "Transitive",
        "resolved": "8.3.1.3",
        "contentHash": "RI6A1LgmooU30+4QIyFt5rmBCzP0VzTR+587IJSGvYIsHHWlahFufihYxtraLfsIhW7I8dn6+xX+DZGygOPKWQ=="
      },
      "HarfBuzzSharp.NativeAssets.macOS": {
        "type": "Transitive",
        "resolved": "8.3.1.3",
        "contentHash": "KPTq0xnslkI6nAo0jh3ptcQPJvZZr7MWYXa2jUe4SnHc9q+JlHElmNXp0sfFoiTgoCX7WOYpYsurypuH9Gehxw=="
      },
      "HarfBuzzSharp.NativeAssets.WebAssembly": {
        "type": "Transitive",
        "resolved": "8.3.1.3",
        "contentHash": "w2QfdNm9Uz/sUa0B5D+OnVQhyq3G/fBq6ibQMdWBlQqqwh0g0/5j3RFvYqZAmRZ5+RzvjVe8o8SFFnWYUSkuxA=="
      },
      "HarfBuzzSharp.NativeAssets.Win32": {
        "type": "Transitive",
        "resolved": "8.3.1.3",
        "contentHash": "bx8CE8Js+XGX8PUxAHCBDEORt5aaBYtMN4Hr9QFs57Xithh6yjUyYqksizH6eRDhJkwsGI+SXWmPmMm8lZC9Pw=="
      },
      "HtmlAgilityPack": {
        "type": "Transitive",
        "resolved": "1.11.42",
        "contentHash": "LDc1bEfF14EY2DZzak4xvzWvbpNXK3vi1u0KQbBpLUN4+cx/VrvXhgCAMSJhSU5vz0oMfW9JZIR20vj/PkDHPA=="
      },
      "Markdown.Avalonia.Html": {
        "type": "Transitive",
        "resolved": "12.0.0-a3",
        "contentHash": "700s950UN1yYCGsbetUOexkUo0iO18r+bWfz5A4l5rZzDfXTwju6YJ3xtXUAmrCpN7ZFP1v34XJCNB4VedhGFw==",
        "dependencies": {
          "Avalonia": "12.0.0",
          "ColorTextBlock.Avalonia": "12.0.0-a3",
          "HtmlAgilityPack": "1.11.42",
          "Markdown.Avalonia.SyntaxHigh": "12.0.0-a3",
          "Markdown.Avalonia.Tight": "12.0.0-a3"
        }
      },
      "Markdown.Avalonia.Svg": {
        "type": "Transitive",
        "resolved": "12.0.0-a3",
        "contentHash": "fwq6jheiRJvgv2ekJqV5DrAKR13qA0dEnTTpt+EdmS0PhsAtNpm6STphUCm8SMK7dcUjY/bZplwE3BGL7/ftgQ==",
        "dependencies": {
          "Avalonia": "12.0.0",
          "Markdown.Avalonia.Tight": "12.0.0-a3",
          "Svg.Controls.Avalonia": "12.0.0.1"
        }
      },
      "Markdown.Avalonia.SyntaxHigh": {
        "type": "Transitive",
        "resolved": "12.0.0-a3",
        "contentHash": "e68Rdih2WA2GVrS6pJsPUBc70dUb22HZx2QjmOFRQlihXiae+5a5nlIXrb2kbHrPgsiiKyXLqyUZKUST2P8bEQ==",
        "dependencies": {
          "Avalonia": "12.0.0",
          "Avalonia.AvaloniaEdit": "12.0.0"
        }
      },
      "Markdown.Avalonia.Tight": {
        "type": "Transitive",
        "resolved": "12.0.0-a3",
        "contentHash": "ogAS4ZYcMnMgNDPvBAxRQxziL0iCdZHzBurYjqYTkTArVTzVZJ0exzBjStJ2yvfodO2bnTndwrO3Y5IAneRyXw==",
        "dependencies": {
          "Avalonia": "12.0.0",
          "ColorDocument.Avalonia": "12.0.0-a3",
          "ColorTextBlock.Avalonia": "12.0.0-a3"
        }
      },
      "MicroCom.Runtime": {
        "type": "Transitive",
        "resolved": "0.11.4",
        "contentHash": "yZ8+Lgwo+KtRI29TB2mIOEMzV+csMJ+pKZg4YHReAP3vRewWLKKeYfrBDo5FS69rWnEbCfU3sbM+ZEQr+GDLtg=="
      },
      "Microsoft.Extensions.DependencyInjection.Abstractions": {
        "type": "Transitive",
        "resolved": "8.0.0",
        "contentHash": "cjWrLkJXK0rs4zofsK4bSdg+jhDLTaxrkXu4gS6Y7MAlCvRyNNgwY/lJi5RDlQOnSZweHqoyvgvbdvQsRIW+hg=="
      },
      "Microsoft.Extensions.Logging.Abstractions": {
        "type": "Transitive",
        "resolved": "8.0.0",
        "contentHash": "arDBqTgFCyS0EvRV7O3MZturChstm50OJ0y9bDJvAcmEPJm0FFpFyjU/JLYyStNGGey081DvnQYlncNX5SJJGA==",
        "dependencies": {
          "Microsoft.Extensions.DependencyInjection.Abstractions": "8.0.0"
        }
      },
      "Microsoft.IO.RecyclableMemoryStream": {
        "type": "Transitive",
        "resolved": "3.0.1",
        "contentHash": "s/s20YTVY9r9TPfTrN5g8zPF1YhwxyqO6PxUkrYTGI2B+OGPe9AdajWZrLhFqXIvqIW23fnUE4+ztrUWNU1+9g=="
      },
      "Newtonsoft.Json": {
        "type": "Transitive",
        "resolved": "13.0.1",
        "contentHash": "ppPFpBcvxdsfUonNcvITKqLl3bqxWbDCZIzDWHzjpdAHRFfZe0Dw9HmA0+za13IdyrgJwpkDTDA9fHaxOrt20A=="
      },
      "ReactiveUI.SourceGenerators.Analyzers.CodeFixes": {
        "type": "Transitive",
        "resolved": "2.6.30",
        "contentHash": "NfA4aLhj8nRMHbyFdTKXmTck0XMq1vAVJwZnnPAGaO8/xW0zWrA/nBMmYIv7GYtV5L5t8pIPrnhnzCnhUjMSPg=="
      },
      "ShimSkiaSharp": {
        "type": "Transitive",
        "resolved": "4.6.0",
        "contentHash": "KALIdRdTDzlvbBWKesVHY0DeccoD/LXgBLQOwQhO5e45tLB5W+enz1zmjOPGfpbtLlwco44TS7+s8p7ziii8+A=="
      },
      "SkiaSharp": {
        "type": "Transitive",
        "resolved": "3.119.4-preview.1.1",
        "contentHash": "cyRjWksj/SwFWo7uPfpFk0sOPyUcE+FhF6ENFc3Q100sdJWHEA2nU1PcEeT7LsLFKBvDP/67q0A8vEXc4kvXnA==",
        "dependencies": {
          "SkiaSharp.NativeAssets.Win32": "3.119.4-preview.1.1",
          "SkiaSharp.NativeAssets.macOS": "3.119.4-preview.1.1"
        }
      },
      "SkiaSharp.NativeAssets.Linux": {
        "type": "Transitive",
        "resolved": "3.119.4-preview.1.1",
        "contentHash": "rZEnNkds7UWOWCCsi//v3VQ7MWbhqn83J1mCzl9069N1Zza7SXufVvsvpI4qJYUHaRx8ZhAaL0yi3zlKoXaUJw=="
      },
      "SkiaSharp.NativeAssets.macOS": {
        "type": "Transitive",
        "resolved": "3.119.4-preview.1.1",
        "contentHash": "77gyFnZD0uU12ABgI6pe8Iw2GRBYGryMP4EaHFs7fniffthVT5sf4PTug4ytwNzLKkVDiLobEpIvAJAj3UXwEw=="
      },
      "SkiaSharp.NativeAssets.WebAssembly": {
        "type": "Transitive",
        "resolved": "3.119.4-preview.1.1",
        "contentHash": "IyNI0QRJGl5sT0Dz2rGHBYVmenNoXcOCaC21avrLG5LwkX8ou0PluW2Hgz7NxHxiRL9D0kPmtoYWrr3uxd1NgA=="
      },
      "SkiaSharp.NativeAssets.Win32": {
        "type": "Transitive",
        "resolved": "3.119.4-preview.1.1",
        "contentHash": "BYwNLG02IAYMsBPgU9lM37xJgCM3B/2X5z1FQEBR34dmn+Hxvcw8X83PInY2rzix7mlbcv7OF8UHjf7yMbsDaA=="
      },
      "Splat.Builder": {
        "type": "Transitive",
        "resolved": "19.3.1",
        "contentHash": "FR9ISOBiEV/wXTq0oU+VrGZmsWVEE/yWkI79oeXF7luvr9P6GKRzZD+acjl+5T8oAJdXPWnBhFTJ/XDpAEW35Q==",
        "dependencies": {
          "Splat.Core": "19.3.1",
          "System.Reactive": "6.1.0"
        }
      },
      "Splat.Core": {
        "type": "Transitive",
        "resolved": "19.3.1",
        "contentHash": "MrRbpO/wdWtAfH5c2Nys8Bm7EQ5yi+IAJD3AJsCUMyaRssImIhqmbC7QwfXRnpC2EXOdGENRi0NCTf6y5ODWxQ==",
        "dependencies": {
          "System.Reactive": "6.1.0"
        }
      },
      "Splat.Logging": {
        "type": "Transitive",
        "resolved": "19.3.1",
        "contentHash": "u4MCO7dFKCX9+dnxNhbAWB9GmtY70fvVGexqr3YoesevExijpYoMiPpsCSYk36bJyKpq9XVgyJBxdg4ChrPS3A==",
        "dependencies": {
          "Splat.Core": "19.3.1",
          "System.Reactive": "6.1.0"
        }
      },
      "Svg.Custom": {
        "type": "Transitive",
        "resolved": "4.6.0",
        "contentHash": "nPa9PjaUbkvKhVtMrx0BtHNs7AGI8nUdOcA1oIECwXQX+/9nnZlWqNwZysiL4QdR0fw00J4OKrFQPkzDSKZSMg==",
        "dependencies": {
          "ExCSS": "4.3.1"
        }
      },
      "Svg.Model": {
        "type": "Transitive",
        "resolved": "4.6.0",
        "contentHash": "Qyy33wI1s2LxxmpwhsN2rgUASOMwwDQry+Z+qVnnaaWQ1cgWhSerognrzkm6lU1aTd18e9F0T1537EyEtbWgwA==",
        "dependencies": {
          "ShimSkiaSharp": "4.6.0",
          "Svg.Custom": "4.6.0"
        }
      },
      "Svg.SceneGraph": {
        "type": "Transitive",
        "resolved": "4.6.0",
        "contentHash": "K9ao0d1c4k6t599CICpIu7Jk9fs9YnQAKZ5fRZVdT7FyzTzyhoHHkUPmb4s0+vrr0b3C7wjZLzEeDYSrrCNr1w==",
        "dependencies": {
          "ShimSkiaSharp": "4.6.0",
          "Svg.Custom": "4.6.0",
          "Svg.Model": "4.6.0"
        }
      },
      "System.Reactive": {
        "type": "Transitive",
        "resolved": "6.1.0",
        "contentHash": "M5cCC1ZMkZr9jbSQGTHnVkb5TDN67qWCV7AP8TAHdGkvDlu0puT5NzemESNn9+HkYIDpWpocP68/i+/ame2/2w=="
      },
      "Tmds.DBus.Protocol": {
        "type": "Transitive",
        "resolved": "0.92.0",
        "contentHash": "h7IMakm0PF2jxiagoysoAjrzzLQ0UBdnSXQL5kb17YW0Fvyo12Tg96A99QkzwktWRrd7H+Uw9EzjasNLUfGYlA=="
      },
      "cybertron": {
        "type": "Project",
        "dependencies": {
          "Newtonsoft.Json": "[13.0.1, )"
        }
      },
      "libmpv.client": {
        "type": "Project"
      },
      "libmpv.context": {
        "type": "Project",
        "dependencies": {
          "LibMpv.Client": "[1.0.0, )",
          "System.Reactive": "[6.0.1, )"
        }
      }
    },
    "net10.0/osx-arm64": {
      "Microsoft.DotNet.ILCompiler": {
        "type": "Direct",
        "requested": "[10.0.7, )",
        "resolved": "10.0.7",
        "contentHash": "2H7j1NltkQx04sPWBkUtFrZNBtro7vwsxRtdThP0oDj6Sn3ouGHCQlxATZ4Me2aJE67+KiXMX2V1IHDjt1uIpw==",
        "dependencies": {
          "runtime.osx-arm64.Microsoft.DotNet.ILCompiler": "10.0.7"
        }
      },
      "Avalonia.Angle.Windows.Natives": {
        "type": "Transitive",
        "resolved": "2.1.25547.20250602",
        "contentHash": "ZL0VLc4s9rvNNFt19Pxm5UNAkmKNylugAwJPX9ulXZ6JWs/l6XZihPWWTyezaoNOVyEPU8YbURtW7XMAtqXH5A=="
      },
      "Avalonia.Native": {
        "type": "Transitive",
        "resolved": "12.0.2",
        "contentHash": "ar8S5eXQY8ttZ3YG5dbtinbC2ltybJU89iwgkpAlLKkV3V7u+4ZXX13o6ilplVyd1lVVSfXgOMvfSMnKQm02Bg==",
        "dependencies": {
          "Avalonia": "12.0.2"
        }
      },
      "HarfBuzzSharp.NativeAssets.Linux": {
        "type": "Transitive",
        "resolved": "8.3.1.3",
        "contentHash": "RI6A1LgmooU30+4QIyFt5rmBCzP0VzTR+587IJSGvYIsHHWlahFufihYxtraLfsIhW7I8dn6+xX+DZGygOPKWQ=="
      },
      "HarfBuzzSharp.NativeAssets.macOS": {
        "type": "Transitive",
        "resolved": "8.3.1.3",
        "contentHash": "KPTq0xnslkI6nAo0jh3ptcQPJvZZr7MWYXa2jUe4SnHc9q+JlHElmNXp0sfFoiTgoCX7WOYpYsurypuH9Gehxw=="
      },
      "HarfBuzzSharp.NativeAssets.Win32": {
        "type": "Transitive",
        "resolved": "8.3.1.3",
        "contentHash": "bx8CE8Js+XGX8PUxAHCBDEORt5aaBYtMN4Hr9QFs57Xithh6yjUyYqksizH6eRDhJkwsGI+SXWmPmMm8lZC9Pw=="
      },
      "runtime.osx-arm64.Microsoft.DotNet.ILCompiler": {
        "type": "Transitive",
        "resolved": "10.0.7",
        "contentHash": "ycFCaZwEvd0nNqcW53l0KWM+fz74owXpWj5C/z0GjznwAtHwmGTeh3vGTGFrXD9LEagX8G3cHRtzGDrTabIrwQ=="
      },
      "SkiaSharp.NativeAssets.Linux": {
        "type": "Transitive",
        "resolved": "3.119.4-preview.1.1",
        "contentHash": "rZEnNkds7UWOWCCsi//v3VQ7MWbhqn83J1mCzl9069N1Zza7SXufVvsvpI4qJYUHaRx8ZhAaL0yi3zlKoXaUJw=="
      },
      "SkiaSharp.NativeAssets.macOS": {
        "type": "Transitive",
        "resolved": "3.119.4-preview.1.1",
        "contentHash": "77gyFnZD0uU12ABgI6pe8Iw2GRBYGryMP4EaHFs7fniffthVT5sf4PTug4ytwNzLKkVDiLobEpIvAJAj3UXwEw=="
      },
      "SkiaSharp.NativeAssets.Win32": {
        "type": "Transitive",
        "resolved": "3.119.4-preview.1.1",
        "contentHash": "BYwNLG02IAYMsBPgU9lM37xJgCM3B/2X5z1FQEBR34dmn+Hxvcw8X83PInY2rzix7mlbcv7OF8UHjf7yMbsDaA=="
      }
    }
  }
}