{
  "version": 1,
  "dependencies": {
    "net8.0": {
      "Avalonia": {
        "type": "Direct",
        "requested": "[11.1.1, )",
        "resolved": "11.1.1",
        "contentHash": "DMMmA4iqLBQxqED5/VmDyBEq3Q5ufhjFDxFpotlrAosSA7o0q4Nl4kH/TVVwW7RFxboMKH0GJbygkICJmYRxMQ==",
        "dependencies": {
          "Avalonia.BuildServices": "0.0.29",
          "Avalonia.Remote.Protocol": "11.1.1",
          "MicroCom.Runtime": "0.11.0"
        }
      },
      "Avalonia.Desktop": {
        "type": "Direct",
        "requested": "[11.1.1, )",
        "resolved": "11.1.1",
        "contentHash": "quiRZWRIJ+Udj9BYmUMdq0CMHvSrcnvOYJmh+d+1hzw5CrPzMtLjisLuTaRa3vor1BHxSgz4CtCgRR50V9H9bw==",
        "dependencies": {
          "Avalonia": "11.1.1",
          "Avalonia.Native": "11.1.1",
          "Avalonia.Skia": "11.1.1",
          "Avalonia.Win32": "11.1.1",
          "Avalonia.X11": "11.1.1"
        }
      },
      "Avalonia.Diagnostics": {
        "type": "Direct",
        "requested": "[11.1.1, )",
        "resolved": "11.1.1",
        "contentHash": "Bds4bhXqM/Fh0tNOiUawRStgDrO8hkHYzjn3alYfUChkMbZZSUh9hyHU7yPhRgOkNv3SFkA5iFXRmu7N/pdYzw==",
        "dependencies": {
          "Avalonia": "11.1.1",
          "Avalonia.Controls.ColorPicker": "11.1.1",
          "Avalonia.Controls.DataGrid": "11.1.1",
          "Avalonia.Themes.Simple": "11.1.1"
        }
      },
      "Avalonia.ReactiveUI": {
        "type": "Direct",
        "requested": "[11.1.1, )",
        "resolved": "11.1.1",
        "contentHash": "/X+g+3V8JB9P0xyLBLNSj3X0CQ0q7Nlq/xWtcChMa8FvDdPC4TwRv+p/rjSt6iPxRJoXh9SBVaQe6Uk4IKXe6Q==",
        "dependencies": {
          "Avalonia": "11.1.1",
          "ReactiveUI": "18.3.1",
          "System.Reactive": "5.0.0"
        }
      },
      "Avalonia.Themes.Fluent": {
        "type": "Direct",
        "requested": "[11.1.1, )",
        "resolved": "11.1.1",
        "contentHash": "B12j04SOEpu4qUB4IA7Q6u7BvRTx72hXcY6Gxm9FjuiyNa+hQPDl7AjF5sBYPZhxwAvhNaffbTtx8hj56BVhLg==",
        "dependencies": {
          "Avalonia": "11.1.1"
        }
      },
      "HanumanInstitute.MvvmDialogs.Avalonia": {
        "type": "Direct",
        "requested": "[2.0.0, )",
        "resolved": "2.0.0",
        "contentHash": "T6V4i9jABQugpdOXxNUK6g23n5i736M4ZU1OEypwKIqRss8sY1oKWGOXTdiz/UXNx31GGHha/yuqxrZolBFWDw==",
        "dependencies": {
          "Avalonia": "11.0.0",
          "HanumanInstitute.MvvmDialogs": "2.0.0",
          "Microsoft.Extensions.Logging.Abstractions": "6.0.3",
          "System.Linq.Async": "6.0.1"
        }
      },
      "Markdown.Avalonia": {
        "type": "Direct",
        "requested": "[11.0.2, )",
        "resolved": "11.0.2",
        "contentHash": "44NeKDwRuusHT3rNoBYZ80xioEZLue910h+rSI+kRgA5mZLAeATYcFQ4YN5fyY+kMMR+ZcS8woiOSAMYm08Qrw==",
        "dependencies": {
          "Markdown.Avalonia.Html": "11.0.2",
          "Markdown.Avalonia.Svg": "11.0.2",
          "Markdown.Avalonia.SyntaxHigh": "11.0.2",
          "Markdown.Avalonia.Tight": "11.0.2"
        }
      },
      "Microsoft.DotNet.ILCompiler": {
        "type": "Direct",
        "requested": "[8.0.5, )",
        "resolved": "8.0.5",
        "contentHash": "tfdncRQLXNpATB4Ykj11O5+fbkBAHoeLi6XfyxAWmilU4rwC3apT612RIuhqB6tBGE69G7Dl1g7HeydsH3Wz1w=="
      },
      "Microsoft.NET.ILLink.Tasks": {
        "type": "Direct",
        "requested": "[8.0.5, )",
        "resolved": "8.0.5",
        "contentHash": "4ISW1Ndgz86FkIbu5rVlMqhhtojdy5rUlxC/N+9kPh9qbYcvHiCvYbHKzAPVIx9OPYIjT9trXt7JI42Y5Ukq6A=="
      },
      "ReactiveMarbles.ObservableEvents.SourceGenerator": {
        "type": "Direct",
        "requested": "[1.3.1, )",
        "resolved": "1.3.1",
        "contentHash": "Yog8Af0hYb0jLMMNupkTS1Cjf/oLT637zDysQwlVbJoZJ8QgKWr6NV7dyoqZ8sQtWPOS6R4JQ+dXd3YqUjesxw=="
      },
      "ReactiveUI.Fody": {
        "type": "Direct",
        "requested": "[19.5.41, )",
        "resolved": "19.5.41",
        "contentHash": "bh6OH1WsSHf/ryUVaPnI6LWl1+lrCvq4L/AoHpzPXCKxtR4p0ogPVONnkq0jYgSQ55x7YNCVkthBKeb6uUSbpg==",
        "dependencies": {
          "Fody": "6.8.0",
          "ReactiveUI": "19.5.41"
        }
      },
      "Serilog": {
        "type": "Direct",
        "requested": "[4.0.1, )",
        "resolved": "4.0.1",
        "contentHash": "pzeDRXdpSLSsgBHpZcmpIDxqMy845Ab4s+dfnBg0sN9h8q/4Wo3vAoe0QCGPze1Q06EVtEPupS+UvLm8iXQmTQ=="
      },
      "Serilog.Enrichers.Thread": {
        "type": "Direct",
        "requested": "[4.0.0, )",
        "resolved": "4.0.0",
        "contentHash": "C7BK25a1rhUyr+Tp+1BYcVlBJq7M2VCHlIgnwoIUVJcicM9jYcvQK18+OeHiXw7uLPSjqWxJIp1EfaZ/RGmEwA==",
        "dependencies": {
          "Serilog": "4.0.0"
        }
      },
      "Serilog.Sinks.Async": {
        "type": "Direct",
        "requested": "[2.0.0, )",
        "resolved": "2.0.0",
        "contentHash": "a+kTyUUxPAOZWKJiNbDqCPMiP0BWBWzObyTpRmGLrgCecgc/YJ+HqYGjsQoS6Sj9cRVXB9hH5O1mTZ0DiewG2w==",
        "dependencies": {
          "Serilog": "4.0.0"
        }
      },
      "Serilog.Sinks.Console": {
        "type": "Direct",
        "requested": "[6.0.0, )",
        "resolved": "6.0.0",
        "contentHash": "fQGWqVMClCP2yEyTXPIinSr5c+CBGUvBybPxjAGcf7ctDhadFhrQw03Mv8rJ07/wR5PDfFjewf2LimvXCDzpbA==",
        "dependencies": {
          "Serilog": "4.0.0"
        }
      },
      "Serilog.Sinks.File": {
        "type": "Direct",
        "requested": "[6.0.0, )",
        "resolved": "6.0.0",
        "contentHash": "lxjg89Y8gJMmFxVkbZ+qDgjl+T4yC5F7WSLTvA+5q0R04tfKVLRL/EHpYoJ/MEQd2EeCKDuylBIVnAYMotmh2A==",
        "dependencies": {
          "Serilog": "4.0.0"
        }
      },
      "Splat.DependencyInjection.SourceGenerator": {
        "type": "Direct",
        "requested": "[1.2.3, )",
        "resolved": "1.2.3",
        "contentHash": "86p+vaxoc/Wp1YRMcmOjNWg17EfM3aX6t+8TkOop5ZIiq9CAProuY6sAIe4kuOPaFmIyhSUXVGgIGpB8d3Hb5g=="
      },
      "Splat.Serilog": {
        "type": "Direct",
        "requested": "[15.1.1, )",
        "resolved": "15.1.1",
        "contentHash": "HdwmNY9Lwbma9Mj2HFxlFwgZQkZSuXsC8NuI0hOr7Wkw2DSFe+UBwTkv+mUbdvza5QhfS+Zv+ugXIQpTBy/Qkw==",
        "dependencies": {
          "Serilog": "3.1.1",
          "Splat": "15.1.1",
          "System.Collections.Immutable": "8.0.0"
        }
      },
      "Avalonia.Angle.Windows.Natives": {
        "type": "Transitive",
        "resolved": "2.1.22045.20230930",
        "contentHash": "Bo3qOhKC1b84BIhiogndMdAzB3UrrESKK7hS769f5HWeoMw/pcd42US5KFYW2JJ4ZSTrXnP8mXwLTMzh+S+9Lg=="
      },
      "Avalonia.AvaloniaEdit": {
        "type": "Transitive",
        "resolved": "11.0.0",
        "contentHash": "VhTgyJIHgy2R1fi+5+E2T4Mjd5qE2EzSYI6mQNfLh4rF4b7Ue7yn7eZKNx0dHeD+WuI32Uw/HEZuA7fxFvhgpQ==",
        "dependencies": {
          "Avalonia": "11.0.0",
          "System.Collections.Immutable": "1.6.0"
        }
      },
      "Avalonia.BuildServices": {
        "type": "Transitive",
        "resolved": "0.0.29",
        "contentHash": "U4eJLQdoDNHXtEba7MZUCwrBErBTxFp6sUewXBOdAhU0Kwzwaa/EKFcYm8kpcysjzKtfB4S0S9n0uxKZFz/ikw=="
      },
      "Avalonia.Controls.ColorPicker": {
        "type": "Transitive",
        "resolved": "11.1.1",
        "contentHash": "1CEA/Ve2e0FXFbpDUEH2o/aLi+mffTYznBPqQCLQw/+pwOrpsPtTdVR3QN2H9UV7jfwpEbjGnp5YcTuRXfyctQ==",
        "dependencies": {
          "Avalonia": "11.1.1",
          "Avalonia.Remote.Protocol": "11.1.1"
        }
      },
      "Avalonia.Controls.DataGrid": {
        "type": "Transitive",
        "resolved": "11.1.1",
        "contentHash": "GF+NxaEESwBF6LLXkHrz2btLvxf9lhaT0BKQDAUUHY3OP6rLKVpDr/+AuP5XKoLEDPPwoUJ/qbi3oPA+DcQadg==",
        "dependencies": {
          "Avalonia": "11.1.1",
          "Avalonia.Remote.Protocol": "11.1.1"
        }
      },
      "Avalonia.FreeDesktop": {
        "type": "Transitive",
        "resolved": "11.1.1",
        "contentHash": "BO1O2zl64Jr8nGDSa0SRgN1FmkVyT4Pz55wEneyEY+cmBmdq22D/jyDuF0J4Ibv/iekso344LuVGOd2hPQ/DKg==",
        "dependencies": {
          "Avalonia": "11.1.1",
          "Tmds.DBus.Protocol": "0.16.0"
        }
      },
      "Avalonia.Native": {
        "type": "Transitive",
        "resolved": "11.1.1",
        "contentHash": "KFLbz9KH0tOoQlpl563gmVM0r6YqPRML9BGdPk8dWDFhqNfjtltyydAlH2agpAuaz1HntkZBwmP42l1IRs+zsA==",
        "dependencies": {
          "Avalonia": "11.1.1"
        }
      },
      "Avalonia.Remote.Protocol": {
        "type": "Transitive",
        "resolved": "11.1.1",
        "contentHash": "sqNJZ4MjDBXkV2vNQXEKyqGpUiwRbPycvGLhheGuZwABoLWV6syoCdrO2uuhDfTw5eVAC3J0farYo4m0BVRYng=="
      },
      "Avalonia.Skia": {
        "type": "Transitive",
        "resolved": "11.1.1",
        "contentHash": "8p5LLiNxu0JaTiDEln9rIXUnxZolP9I352BNh/YouvAhfmDeSoM/ACl6bD/wPTghejGb2JSYyo2TKfMQ30hXGA==",
        "dependencies": {
          "Avalonia": "11.1.1",
          "HarfBuzzSharp": "7.3.0.2",
          "HarfBuzzSharp.NativeAssets.Linux": "7.3.0.2",
          "HarfBuzzSharp.NativeAssets.WebAssembly": "7.3.0.2",
          "SkiaSharp": "2.88.8",
          "SkiaSharp.NativeAssets.Linux": "2.88.8",
          "SkiaSharp.NativeAssets.WebAssembly": "2.88.8"
        }
      },
      "Avalonia.Svg": {
        "type": "Transitive",
        "resolved": "11.0.0",
        "contentHash": "XeU63iFDQA7C7y578qaULYlTJd4ksqhEwguCFuSF76cssDijgDjo4WYj2WyzU51n8LNIJ3CmijrPN81BHY4AkQ==",
        "dependencies": {
          "Avalonia": "11.0.0",
          "Svg.Model": "1.0.0"
        }
      },
      "Avalonia.Themes.Simple": {
        "type": "Transitive",
        "resolved": "11.1.1",
        "contentHash": "7c3b+b3NCnpHsDTxWKd4+Mds/dBLn6znnzBC87pIApA34t8gtiygqz/gsOyJX6w/7hlJOFATkAaxlk8zQvrRbw==",
        "dependencies": {
          "Avalonia": "11.1.1"
        }
      },
      "Avalonia.Win32": {
        "type": "Transitive",
        "resolved": "11.1.1",
        "contentHash": "Um8oRdOF5odsVRSr2ZiF4gLMpRLww1qXe5yFlPjz7w5tApOR61xbVcYiyNVFCFwpNUK5RyEhawbQBq6+ijLopg==",
        "dependencies": {
          "Avalonia": "11.1.1",
          "Avalonia.Angle.Windows.Natives": "2.1.22045.20230930",
          "System.Numerics.Vectors": "4.5.0"
        }
      },
      "Avalonia.X11": {
        "type": "Transitive",
        "resolved": "11.1.1",
        "contentHash": "0GWrpzYzaknpxIDot6/Fs47ncIpg91NKZLbRBS83BMSjyeP0DNuL0Fm2cBhcynS18MDUD1t+K9vyd53cH74zZg==",
        "dependencies": {
          "Avalonia": "11.1.1",
          "Avalonia.FreeDesktop": "11.1.1",
          "Avalonia.Skia": "11.1.1"
        }
      },
      "ColorTextBlock.Avalonia": {
        "type": "Transitive",
        "resolved": "11.0.2",
        "contentHash": "MsWu5aAbDpstAmJ+TTSgC6Q7YdjKB7Na912GMr3oWl9ag8TH2HNpglzgo+kIAuB4C4wswKfrzhso4UcpvgMuHg==",
        "dependencies": {
          "Avalonia": "11.0.0"
        }
      },
      "DynamicData": {
        "type": "Transitive",
        "resolved": "8.3.27",
        "contentHash": "m5PGnTbFCE04xrH3peeNtiHrXJM5Vxk6Sy9bwXm8ahZ+/ZavqYb8XstBD1GFqcU7g6f8YD3zPcI7XkkW3Y1Ang==",
        "dependencies": {
          "System.Reactive": "6.0.0"
        }
      },
      "ExCSS": {
        "type": "Transitive",
        "resolved": "4.1.4",
        "contentHash": "6eMFdIazPCVfr9Gios0nCUYq3/02SewnDGvS+aCi/RWaAtoETz2fNT+H//+k0vjoDJBHXkWdVG8EkxUydxtyxA=="
      },
      "Fizzler": {
        "type": "Transitive",
        "resolved": "1.2.1",
        "contentHash": "nSudK8LeKSu7T/N/6NVZNjUniMYagfzVo8yT2XwZ9BOVbWYQH3EQ8oviuztJ7AfO8PlRDsYIWboZuzIg94hhzQ=="
      },
      "Fody": {
        "type": "Transitive",
        "resolved": "6.8.0",
        "contentHash": "hfZ/f8Mezt8aTkgv9nsvFdYoQ809/AqwsJlOGOPYIfBcG2aAIG3v3ex9d8ZqQuFYyMoucjRg4eKy3VleeGodKQ=="
      },
      "HanumanInstitute.MvvmDialogs": {
        "type": "Transitive",
        "resolved": "2.0.0",
        "contentHash": "+CRwvATSTJaOo2BJoMBgF6vHLn8AMuCh8wtan6rnJNQ6KQElHB1X3VxTCzk8BWGRYzHxpD4K4D7GpisLMI1ucw==",
        "dependencies": {
          "Microsoft.Bcl.AsyncInterfaces": "7.0.0",
          "Microsoft.Extensions.Logging.Abstractions": "6.0.3",
          "System.Runtime": "4.3.1",
          "System.Runtime.InteropServices": "4.3.0"
        }
      },
      "HarfBuzzSharp": {
        "type": "Transitive",
        "resolved": "7.3.0.2",
        "contentHash": "0tCd6HyCmNsX/DniCp2b00fo0xPbdNwKOs9BxxyT8oOOuMlWjcSFwzONKyeckCKVBFEsbSmsAHPDTqxoSDwZMg==",
        "dependencies": {
          "HarfBuzzSharp.NativeAssets.Win32": "7.3.0.2",
          "HarfBuzzSharp.NativeAssets.macOS": "7.3.0.2"
        }
      },
      "HarfBuzzSharp.NativeAssets.Linux": {
        "type": "Transitive",
        "resolved": "7.3.0.2",
        "contentHash": "aKa5J1RqjXKAtdcZJp5wjC78klfBIzJHM6CneN76lFmQ9LLRJA9Oa0TkIDaV8lVLDKMAy5fCKHXFlXUK1YfL/g==",
        "dependencies": {
          "HarfBuzzSharp": "7.3.0.2"
        }
      },
      "HarfBuzzSharp.NativeAssets.macOS": {
        "type": "Transitive",
        "resolved": "7.3.0.2",
        "contentHash": "nycYH/WLJ6ogm+I+QSFCdPJsdxSb5GANWYbQyp1vsd/KjXN56RVUJWPhbgP2GKb/Y7mrsHM7EProqVXlO/EMsA=="
      },
      "HarfBuzzSharp.NativeAssets.WebAssembly": {
        "type": "Transitive",
        "resolved": "7.3.0.2",
        "contentHash": "pR6H16NOAjIhfXomYsgN5anGbOHSfIA8z0RoWEVx8vgLySxz9Jie4DnQ/paWTh5MTtBC8XKkTUI7uKMXcq/Pxw=="
      },
      "HarfBuzzSharp.NativeAssets.Win32": {
        "type": "Transitive",
        "resolved": "7.3.0.2",
        "contentHash": "DpF9JBzwws2dupOLnjME65hxQWWbN/GD40AoTkwB4S05WANvxo3n81AnQJKxWDCnrWfWhLPB36OF27TvEqzb/A=="
      },
      "HtmlAgilityPack": {
        "type": "Transitive",
        "resolved": "1.11.42",
        "contentHash": "LDc1bEfF14EY2DZzak4xvzWvbpNXK3vi1u0KQbBpLUN4+cx/VrvXhgCAMSJhSU5vz0oMfW9JZIR20vj/PkDHPA=="
      },
      "Markdown.Avalonia.Html": {
        "type": "Transitive",
        "resolved": "11.0.2",
        "contentHash": "e/oDOdn3SlK0qDO9ud9CqpGup9Byre9VGflqNZbhStvgQygaYVDYLCjTnzzleD4bVvgrrJD5eNq4dZm0JpvfzQ==",
        "dependencies": {
          "Avalonia": "11.0.0",
          "ColorTextBlock.Avalonia": "11.0.2",
          "HtmlAgilityPack": "1.11.42",
          "Markdown.Avalonia.SyntaxHigh": "11.0.2",
          "Markdown.Avalonia.Tight": "11.0.2"
        }
      },
      "Markdown.Avalonia.Svg": {
        "type": "Transitive",
        "resolved": "11.0.2",
        "contentHash": "TVQs0b1l1/9vKqX7B8+7OxUceVORDgTp9p+QzoPyynGEqDE9VdPUW0Z8e/Tl9cgLgtuIZYhcphb8Ypcr/egafw==",
        "dependencies": {
          "Avalonia": "11.0.0",
          "Avalonia.Svg": "11.0.0",
          "Markdown.Avalonia.Tight": "11.0.2"
        }
      },
      "Markdown.Avalonia.SyntaxHigh": {
        "type": "Transitive",
        "resolved": "11.0.2",
        "contentHash": "wbOcs07u8JUf329Ct4h5XjL0LTbB0mOi3U3ViVnC8OmnGcb8c8LLd56tdmXdahYgk4RYs9OFAibQFhhB22hdBQ==",
        "dependencies": {
          "Avalonia": "11.0.0",
          "Avalonia.AvaloniaEdit": "11.0.0"
        }
      },
      "Markdown.Avalonia.Tight": {
        "type": "Transitive",
        "resolved": "11.0.2",
        "contentHash": "Ylg0EkSUId42dVUFQvU7UJGWcKiJ+g7TesRe/KCzUYzlypWf1lTiVveT2j60QSldCtuAw3o/aEOEjIahMdRGig==",
        "dependencies": {
          "Avalonia": "11.0.0",
          "ColorTextBlock.Avalonia": "11.0.2"
        }
      },
      "MicroCom.Runtime": {
        "type": "Transitive",
        "resolved": "0.11.0",
        "contentHash": "MEnrZ3UIiH40hjzMDsxrTyi8dtqB5ziv3iBeeU4bXsL/7NLSal9F1lZKpK+tfBRnUoDSdtcW3KufE4yhATOMCA=="
      },
      "Microsoft.Bcl.AsyncInterfaces": {
        "type": "Transitive",
        "resolved": "7.0.0",
        "contentHash": "3aeMZ1N0lJoSyzqiP03hqemtb1BijhsJADdobn/4nsMJ8V1H+CrpuduUe4hlRdx+ikBQju1VGjMD1GJ3Sk05Eg=="
      },
      "Microsoft.Extensions.Logging.Abstractions": {
        "type": "Transitive",
        "resolved": "6.0.3",
        "contentHash": "SUpStcdjeBbdKjPKe53hVVLkFjylX0yIXY8K+xWa47+o1d+REDyOMZjHZa+chsQI1K9qZeiHWk9jos0TFU7vGg=="
      },
      "Microsoft.NETCore.Platforms": {
        "type": "Transitive",
        "resolved": "1.1.1",
        "contentHash": "TMBuzAHpTenGbGgk0SMTwyEkyijY/Eae4ZGsFNYJvAr/LDn1ku3Etp3FPxChmDp5HHF3kzJuoaa08N0xjqAJfQ=="
      },
      "Microsoft.NETCore.Targets": {
        "type": "Transitive",
        "resolved": "1.1.3",
        "contentHash": "3Wrmi0kJDzClwAC+iBdUBpEKmEle8FQNsCs77fkiOIw/9oYA07bL1EZNX0kQ2OMN3xpwvl0vAtOCYY3ndDNlhQ=="
      },
      "Newtonsoft.Json": {
        "type": "Transitive",
        "resolved": "13.0.1",
        "contentHash": "ppPFpBcvxdsfUonNcvITKqLl3bqxWbDCZIzDWHzjpdAHRFfZe0Dw9HmA0+za13IdyrgJwpkDTDA9fHaxOrt20A=="
      },
      "ReactiveUI": {
        "type": "Transitive",
        "resolved": "19.5.41",
        "contentHash": "qusIoJHhzNFm/Ei52wwesy15le/NAMWm40UOz2boaWcBntqOJJPR6YucDUibHNo5v9opNP7ZCAMa+w3rzX6AIw==",
        "dependencies": {
          "DynamicData": "8.3.27",
          "Splat": "14.8.12",
          "System.ComponentModel.Annotations": "5.0.0",
          "System.Text.Json": "8.0.0"
        }
      },
      "ShimSkiaSharp": {
        "type": "Transitive",
        "resolved": "1.0.0",
        "contentHash": "aO0ERDXKTcGGkxY3V+yp+gkx/dtlyMVS5jMe2S3ajvsSHvlB3IQJHSCvOjoYJRjnf9mMXTIUL5EDKM/yqZ2E3A=="
      },
      "SkiaSharp": {
        "type": "Transitive",
        "resolved": "2.88.8",
        "contentHash": "bRkp3uKp5ZI8gXYQT57uKwil1uobb2p8c69n7v5evlB/2JNcMAXVcw9DZAP5Ig3WSvgzGm2YSn27UVeOi05NlA==",
        "dependencies": {
          "SkiaSharp.NativeAssets.Win32": "2.88.8",
          "SkiaSharp.NativeAssets.macOS": "2.88.8"
        }
      },
      "SkiaSharp.NativeAssets.Linux": {
        "type": "Transitive",
        "resolved": "2.88.8",
        "contentHash": "0FO6YA7paNFBMJULvEyecPmCvL9/STvOAi5VOUw2srqJ7pNTbiiZkfl7sulAzcumbWgfzaVjRXYTgMj7SoUnWQ==",
        "dependencies": {
          "SkiaSharp": "2.88.8"
        }
      },
      "SkiaSharp.NativeAssets.macOS": {
        "type": "Transitive",
        "resolved": "2.88.8",
        "contentHash": "6Kn5TSkKlfyS6azWHF3Jk2sW5C4jCE5uSshM/5AbfFrR+5n6qM5XEnz9h4VaVl7LTxBvHvMkuPb/3bpbq0vxTw=="
      },
      "SkiaSharp.NativeAssets.WebAssembly": {
        "type": "Transitive",
        "resolved": "2.88.8",
        "contentHash": "S3qRo8c+gVYOyfrdf6FYnjx/ft+gPkb4dNY2IPv5Oy5yNBhDhXhKqHFr9h4+ne6ZU+7D4dbuRQqsIqCo8u1/DA=="
      },
      "SkiaSharp.NativeAssets.Win32": {
        "type": "Transitive",
        "resolved": "2.88.8",
        "contentHash": "O9QXoWEXA+6cweR4h3BOnwMz+pO9vL9mXdjLrpDd0w1QzCgWmLQBxa1VgySDITiH7nQndrDG1h6937zm9pLj1Q=="
      },
      "Splat": {
        "type": "Transitive",
        "resolved": "15.1.1",
        "contentHash": "RHDTdF90FwVbRia2cmuIzkiVoETqnXSB2dDBBi/I35HWXqv4OKGqoMcfcd6obMvO2OmmY5PjU1M62K8LkJafAA=="
      },
      "Svg.Custom": {
        "type": "Transitive",
        "resolved": "1.0.0",
        "contentHash": "WN55shnYAO2idEBWh6yyER55F5ov1kaGxBqM2EI7fVoeJS8zyZvVadOoPz+PUu94QTIJ3dk5zFtEELSd7UeDcw==",
        "dependencies": {
          "ExCSS": "4.1.4",
          "Fizzler": "1.2.1",
          "System.Memory": "4.5.4",
          "System.ObjectModel": "4.3.0",
          "System.ValueTuple": "4.5.0"
        }
      },
      "Svg.Model": {
        "type": "Transitive",
        "resolved": "1.0.0",
        "contentHash": "XyGTU2W4GZQ8lIRI/UWI0QftNvsLjnfOA1YDhZd8CwHmLBbFqjliLajryArFy0ZetlyC13v5D/+ZoObR/NS3qA==",
        "dependencies": {
          "ShimSkiaSharp": "1.0.0",
          "Svg.Custom": "1.0.0"
        }
      },
      "System.Collections": {
        "type": "Transitive",
        "resolved": "4.3.0",
        "contentHash": "3Dcj85/TBdVpL5Zr+gEEBUuFe2icOnLalmEh9hfck1PTYbbyWuZgh4fmm2ysCLTrqLQw6t3TgTyJ+VLp+Qb+Lw==",
        "dependencies": {
          "Microsoft.NETCore.Platforms": "1.1.0",
          "Microsoft.NETCore.Targets": "1.1.0",
          "System.Runtime": "4.3.0"
        }
      },
      "System.Collections.Immutable": {
        "type": "Transitive",
        "resolved": "8.0.0",
        "contentHash": "AurL6Y5BA1WotzlEvVaIDpqzpIPvYnnldxru8oXJU2yFxFUy3+pNXjXd1ymO+RA0rq0+590Q8gaz2l3Sr7fmqg=="
      },
      "System.ComponentModel.Annotations": {
        "type": "Transitive",
        "resolved": "5.0.0",
        "contentHash": "dMkqfy2el8A8/I76n2Hi1oBFEbG1SfxD2l5nhwXV3XjlnOmwxJlQbYpJH4W51odnU9sARCSAgv7S3CyAFMkpYg=="
      },
      "System.Diagnostics.Debug": {
        "type": "Transitive",
        "resolved": "4.3.0",
        "contentHash": "ZUhUOdqmaG5Jk3Xdb8xi5kIyQYAA4PnTNlHx1mu9ZY3qv4ELIdKbnL/akbGaKi2RnNUWaZsAs31rvzFdewTj2g==",
        "dependencies": {
          "Microsoft.NETCore.Platforms": "1.1.0",
          "Microsoft.NETCore.Targets": "1.1.0",
          "System.Runtime": "4.3.0"
        }
      },
      "System.Globalization": {
        "type": "Transitive",
        "resolved": "4.3.0",
        "contentHash": "kYdVd2f2PAdFGblzFswE4hkNANJBKRmsfa2X5LG2AcWE1c7/4t0pYae1L8vfZ5xvE2nK/R9JprtToA61OSHWIg==",
        "dependencies": {
          "Microsoft.NETCore.Platforms": "1.1.0",
          "Microsoft.NETCore.Targets": "1.1.0",
          "System.Runtime": "4.3.0"
        }
      },
      "System.IO": {
        "type": "Transitive",
        "resolved": "4.3.0",
        "contentHash": "3qjaHvxQPDpSOYICjUoTsmoq5u6QJAFRUITgeT/4gqkF1bajbSmb1kwSxEA8AHlofqgcKJcM8udgieRNhaJ5Cg==",
        "dependencies": {
          "Microsoft.NETCore.Platforms": "1.1.0",
          "Microsoft.NETCore.Targets": "1.1.0",
          "System.Runtime": "4.3.0",
          "System.Text.Encoding": "4.3.0",
          "System.Threading.Tasks": "4.3.0"
        }
      },
      "System.IO.Pipelines": {
        "type": "Transitive",
        "resolved": "6.0.0",
        "contentHash": "mXX66shZ4xLlI3vNLaJ0lt8OIZdmXTvIqXRdQX5HLVGSkLhINLsVhyZuX2UdRFnOGkqnwmMUs40pIIQ7mna4+A=="
      },
      "System.Linq.Async": {
        "type": "Transitive",
        "resolved": "6.0.1",
        "contentHash": "0YhHcaroWpQ9UCot3Pizah7ryAzQhNvobLMSxeDIGmnXfkQn8u5owvpOH0K6EVB+z9L7u6Cc4W17Br/+jyttEQ==",
        "dependencies": {
          "Microsoft.Bcl.AsyncInterfaces": "6.0.0"
        }
      },
      "System.Memory": {
        "type": "Transitive",
        "resolved": "4.5.4",
        "contentHash": "1MbJTHS1lZ4bS4FmsJjnuGJOu88ZzTT2rLvrhW7Ygic+pC0NWA+3hgAen0HRdsocuQXCkUTdFn9yHJJhsijDXw=="
      },
      "System.Numerics.Vectors": {
        "type": "Transitive",
        "resolved": "4.5.0",
        "contentHash": "QQTlPTl06J/iiDbJCiepZ4H//BVraReU4O4EoRw1U02H5TLUIT7xn3GnDp9AXPSlJUDyFs4uWjWafNX6WrAojQ=="
      },
      "System.ObjectModel": {
        "type": "Transitive",
        "resolved": "4.3.0",
        "contentHash": "bdX+80eKv9bN6K4N+d77OankKHGn6CH711a6fcOpMQu2Fckp/Ft4L/kW9WznHpyR0NRAvJutzOMHNNlBGvxQzQ==",
        "dependencies": {
          "System.Collections": "4.3.0",
          "System.Diagnostics.Debug": "4.3.0",
          "System.Resources.ResourceManager": "4.3.0",
          "System.Runtime": "4.3.0",
          "System.Threading": "4.3.0"
        }
      },
      "System.Reactive": {
        "type": "Transitive",
        "resolved": "6.0.1",
        "contentHash": "rHaWtKDwCi9qJ3ObKo8LHPMuuwv33YbmQi7TcUK1C264V3MFnOr5Im7QgCTdLniztP3GJyeiSg5x8NqYJFqRmg=="
      },
      "System.Reflection": {
        "type": "Transitive",
        "resolved": "4.3.0",
        "contentHash": "KMiAFoW7MfJGa9nDFNcfu+FpEdiHpWgTcS2HdMpDvt9saK3y/G4GwprPyzqjFH9NTaGPQeWNHU+iDlDILj96aQ==",
        "dependencies": {
          "Microsoft.NETCore.Platforms": "1.1.0",
          "Microsoft.NETCore.Targets": "1.1.0",
          "System.IO": "4.3.0",
          "System.Reflection.Primitives": "4.3.0",
          "System.Runtime": "4.3.0"
        }
      },
      "System.Reflection.Primitives": {
        "type": "Transitive",
        "resolved": "4.3.0",
        "contentHash": "5RXItQz5As4xN2/YUDxdpsEkMhvw3e6aNveFXUn4Hl/udNTCNhnKp8lT9fnc3MhvGKh1baak5CovpuQUXHAlIA==",
        "dependencies": {
          "Microsoft.NETCore.Platforms": "1.1.0",
          "Microsoft.NETCore.Targets": "1.1.0",
          "System.Runtime": "4.3.0"
        }
      },
      "System.Resources.ResourceManager": {
        "type": "Transitive",
        "resolved": "4.3.0",
        "contentHash": "/zrcPkkWdZmI4F92gL/TPumP98AVDu/Wxr3CSJGQQ+XN6wbRZcyfSKVoPo17ilb3iOr0cCRqJInGwNMolqhS8A==",
        "dependencies": {
          "Microsoft.NETCore.Platforms": "1.1.0",
          "Microsoft.NETCore.Targets": "1.1.0",
          "System.Globalization": "4.3.0",
          "System.Reflection": "4.3.0",
          "System.Runtime": "4.3.0"
        }
      },
      "System.Runtime": {
        "type": "Transitive",
        "resolved": "4.3.1",
        "contentHash": "abhfv1dTK6NXOmu4bgHIONxHyEqFjW8HwXPmpY9gmll+ix9UNo4XDcmzJn6oLooftxNssVHdJC1pGT9jkSynQg==",
        "dependencies": {
          "Microsoft.NETCore.Platforms": "1.1.1",
          "Microsoft.NETCore.Targets": "1.1.3"
        }
      },
      "System.Runtime.Handles": {
        "type": "Transitive",
        "resolved": "4.3.0",
        "contentHash": "OKiSUN7DmTWeYb3l51A7EYaeNMnvxwE249YtZz7yooT4gOZhmTjIn48KgSsw2k2lYdLgTKNJw/ZIfSElwDRVgg==",
        "dependencies": {
          "Microsoft.NETCore.Platforms": "1.1.0",
          "Microsoft.NETCore.Targets": "1.1.0",
          "System.Runtime": "4.3.0"
        }
      },
      "System.Runtime.InteropServices": {
        "type": "Transitive",
        "resolved": "4.3.0",
        "contentHash": "uv1ynXqiMK8mp1GM3jDqPCFN66eJ5w5XNomaK2XD+TuCroNTLFGeZ+WCmBMcBDyTFKou3P6cR6J/QsaqDp7fGQ==",
        "dependencies": {
          "Microsoft.NETCore.Platforms": "1.1.0",
          "Microsoft.NETCore.Targets": "1.1.0",
          "System.Reflection": "4.3.0",
          "System.Reflection.Primitives": "4.3.0",
          "System.Runtime": "4.3.0",
          "System.Runtime.Handles": "4.3.0"
        }
      },
      "System.Text.Encoding": {
        "type": "Transitive",
        "resolved": "4.3.0",
        "contentHash": "BiIg+KWaSDOITze6jGQynxg64naAPtqGHBwDrLaCtixsa5bKiR8dpPOHA7ge3C0JJQizJE+sfkz1wV+BAKAYZw==",
        "dependencies": {
          "Microsoft.NETCore.Platforms": "1.1.0",
          "Microsoft.NETCore.Targets": "1.1.0",
          "System.Runtime": "4.3.0"
        }
      },
      "System.Text.Encodings.Web": {
        "type": "Transitive",
        "resolved": "8.0.0",
        "contentHash": "yev/k9GHAEGx2Rg3/tU6MQh4HGBXJs70y7j1LaM1i/ER9po+6nnQ6RRqTJn1E7Xu0fbIFK80Nh5EoODxrbxwBQ=="
      },
      "System.Text.Json": {
        "type": "Transitive",
        "resolved": "8.0.0",
        "contentHash": "OdrZO2WjkiEG6ajEFRABTRCi/wuXQPxeV6g8xvUJqdxMvvuCCEk86zPla8UiIQJz3durtUEbNyY/3lIhS0yZvQ==",
        "dependencies": {
          "System.Text.Encodings.Web": "8.0.0"
        }
      },
      "System.Threading": {
        "type": "Transitive",
        "resolved": "4.3.0",
        "contentHash": "VkUS0kOBcUf3Wwm0TSbrevDDZ6BlM+b/HRiapRFWjM5O0NS0LviG0glKmFK+hhPDd1XFeSdU1GmlLhb2CoVpIw==",
        "dependencies": {
          "System.Runtime": "4.3.0",
          "System.Threading.Tasks": "4.3.0"
        }
      },
      "System.Threading.Tasks": {
        "type": "Transitive",
        "resolved": "4.3.0",
        "contentHash": "LbSxKEdOUhVe8BezB/9uOGGppt+nZf6e1VFyw6v3DN6lqitm0OSn2uXMOdtP0M3W4iMcqcivm2J6UgqiwwnXiA==",
        "dependencies": {
          "Microsoft.NETCore.Platforms": "1.1.0",
          "Microsoft.NETCore.Targets": "1.1.0",
          "System.Runtime": "4.3.0"
        }
      },
      "System.ValueTuple": {
        "type": "Transitive",
        "resolved": "4.5.0",
        "contentHash": "okurQJO6NRE/apDIP23ajJ0hpiNmJ+f0BwOlB/cSqTLQlw5upkf+5+96+iG2Jw40G1fCVCyPz/FhIABUjMR+RQ=="
      },
      "Tmds.DBus.Protocol": {
        "type": "Transitive",
        "resolved": "0.16.0",
        "contentHash": "9Ne9AvrRWrDQvzbMcbTz3EaGRE1vQmkeeu0Xp7Ii0Wdlhwfjst8FDRas+RBslU5kdPWs2aeMLErzyT1DwH9zeA==",
        "dependencies": {
          "System.IO.Pipelines": "6.0.0"
        }
      },
      "cybertron": {
        "type": "Project",
        "dependencies": {
          "Newtonsoft.Json": "[13.0.1, )"
        }
      },
      "libmpv.client": {
        "type": "Project"
      },
      "libmpv.context": {
        "type": "Project",
        "dependencies": {
          "LibMpv.Client": "[1.0.0, )",
          "System.Reactive": "[6.0.1, )"
        }
      }
    }
  }
}